
Microsoft Visual Studio Solution File, Format Version 12.00
# Visual Studio Version 16
VisualStudioVersion = 16.0.31129.286
MinimumVisualStudioVersion = 10.0.40219.1
Project("{9A19103F-16F7-4668-BE54-9A1E7A4F7556}") = "MessageQueueNET", "MessageQueueNET\MessageQueueNET.csproj", "{2AB32F35-68B4-4540-A32B-96AB1E7112D3}"
EndProject
Project("{9A19103F-16F7-4668-BE54-9A1E7A4F7556}") = "MessageQueueNET.Client", "MessageQueueNET.Client\MessageQueueNET.Client.csproj", "{18BEF327-8ACD-475A-BA42-0BD8E06457BB}"
EndProject
Project("{2150E333-8FDC-42A3-9474-1A3956D46DE8}") = "src", "src", "{90400040-C2F7-4714-BAD0-B6A384777990}"
EndProject
Project("{9A19103F-16F7-4668-BE54-9A1E7A4F7556}") = "MessageQueueNET.Cmd", "MessageQueueNET.Cmd\MessageQueueNET.Cmd.csproj", "{18112CB7-9522-45C4-BCA5-45021C8AABE1}"
EndProject
Project("{9A19103F-16F7-4668-BE54-9A1E7A4F7556}") = "MessageQueueNET.ProcService", "MessageQueueNET.ProcService\MessageQueueNET.ProcService.csproj", "{0AFB5320-DDBF-459B-94E0-B54039F0F0EA}"
EndProject
Project("{FAE04EC0-301F-11D3-BF4B-00C04F79EFBC}") = "MessageQueueNET.ProcOrchestra", "MessageQueueNET.ProcOrchestra\MessageQueueNET.ProcOrchestra.csproj", "{6D054D55-A476-461F-8341-CF094FA23278}"
EndProject
Global
	GlobalSection(SolutionConfigurationPlatforms) = preSolution
		Debug|Any CPU = Debug|Any CPU
		Release|Any CPU = Release|Any CPU
	EndGlobalSection
	GlobalSection(ProjectConfigurationPlatforms) = postSolution
		{2AB32F35-68B4-4540-A32B-96AB1E7112D3}.Debug|Any CPU.ActiveCfg = Debug|Any CPU
		{2AB32F35-68B4-4540-A32B-96AB1E7112D3}.Debug|Any CPU.Build.0 = Debug|Any CPU
		{2AB32F35-68B4-4540-A32B-96AB1E7112D3}.Release|Any CPU.ActiveCfg = Release|Any CPU
		{2AB32F35-68B4-4540-A32B-96AB1E7112D3}.Release|Any CPU.Build.0 = Release|Any CPU
		{18BEF327-8ACD-475A-BA42-0BD8E06457BB}.Debug|Any CPU.ActiveCfg = Debug|Any CPU
		{18BEF327-8ACD-475A-BA42-0BD8E06457BB}.Debug|Any CPU.Build.0 = Debug|Any CPU
		{18BEF327-8ACD-475A-BA42-0BD8E06457BB}.Release|Any CPU.ActiveCfg = Release|Any CPU
		{18BEF327-8ACD-475A-BA42-0BD8E06457BB}.Release|Any CPU.Build.0 = Release|Any CPU
		{18112CB7-9522-45C4-BCA5-45021C8AABE1}.Debug|Any CPU.ActiveCfg = Debug|Any CPU
		{18112CB7-9522-45C4-BCA5-45021C8AABE1}.Debug|Any CPU.Build.0 = Debug|Any CPU
		{18112CB7-9522-45C4-BCA5-45021C8AABE1}.Release|Any CPU.ActiveCfg = Release|Any CPU
		{18112CB7-9522-45C4-BCA5-45021C8AABE1}.Release|Any CPU.Build.0 = Release|Any CPU
		{0AFB5320-DDBF-459B-94E0-B54039F0F0EA}.Debug|Any CPU.ActiveCfg = Debug|Any CPU
		{0AFB5320-DDBF-459B-94E0-B54039F0F0EA}.Debug|Any CPU.Build.0 = Debug|Any CPU
		{0AFB5320-DDBF-459B-94E0-B54039F0F0EA}.Release|Any CPU.ActiveCfg = Release|Any CPU
		{0AFB5320-DDBF-459B-94E0-B54039F0F0EA}.Release|Any CPU.Build.0 = Release|Any CPU
		{6D054D55-A476-461F-8341-CF094FA23278}.Debug|Any CPU.ActiveCfg = Debug|Any CPU
		{6D054D55-A476-461F-8341-CF094FA23278}.Debug|Any CPU.Build.0 = Debug|Any CPU
		{6D054D55-A476-461F-8341-CF094FA23278}.Release|Any CPU.ActiveCfg = Release|Any CPU
		{6D054D55-A476-461F-8341-CF094FA23278}.Release|Any CPU.Build.0 = Release|Any CPU
	EndGlobalSection
	GlobalSection(SolutionProperties) = preSolution
		HideSolutionNode = FALSE
	EndGlobalSection
	GlobalSection(NestedProjects) = preSolution
		{2AB32F35-68B4-4540-A32B-96AB1E7112D3} = {90400040-C2F7-4714-BAD0-B6A384777990}
		{18BEF327-8ACD-475A-BA42-0BD8E06457BB} = {90400040-C2F7-4714-BAD0-B6A384777990}
		{18112CB7-9522-45C4-BCA5-45021C8AABE1} = {90400040-C2F7-4714-BAD0-B6A384777990}
		{0AFB5320-DDBF-459B-94E0-B54039F0F0EA} = {90400040-C2F7-4714-BAD0-B6A384777990}
		{6D054D55-A476-461F-8341-CF094FA23278} = {90400040-C2F7-4714-BAD0-B6A384777990}
	EndGlobalSection
	GlobalSection(ExtensibilityGlobals) = postSolution
		SolutionGuid = {C03DE594-F8A9-4016-9E7E-63E54E9D94BA}
	EndGlobalSection
EndGlobal
