
Microsoft Visual Studio Solution File, Format Version 12.00
# Visual Studio Version 17
VisualStudioVersion = 17.8.34112.27
MinimumVisualStudioVersion = 10.0.40219.1
Project("{9A19103F-16F7-4668-BE54-9A1E7A4F7556}") = "MessageQueueNET", "src\backend\MessageQueueNET\MessageQueueNET.csproj", "{2AB32F35-68B4-4540-A32B-96AB1E7112D3}"
EndProject
Project("{9A19103F-16F7-4668-BE54-9A1E7A4F7556}") = "MessageQueueNET.Client", "src\shared\MessageQueueNET.Client\MessageQueueNET.Client.csproj", "{18BEF327-8ACD-475A-BA42-0BD8E06457BB}"
EndProject
Project("{2150E333-8FDC-42A3-9474-1A3956D46DE8}") = "src", "src", "{90400040-C2F7-4714-BAD0-B6A384777990}"
EndProject
Project("{9A19103F-16F7-4668-BE54-9A1E7A4F7556}") = "MessageQueueNET.Cmd", "src\console\MessageQueueNET.Cmd\MessageQueueNET.Cmd.csproj", "{18112CB7-9522-45C4-BCA5-45021C8AABE1}"
EndProject
Project("{9A19103F-16F7-4668-BE54-9A1E7A4F7556}") = "MessageQueueNET.ProcService", "src\console\MessageQueueNET.ProcService\MessageQueueNET.ProcService.csproj", "{0AFB5320-DDBF-459B-94E0-B54039F0F0EA}"
EndProject
Project("{2150E333-8FDC-42A3-9474-1A3956D46DE8}") = "backend", "backend", "{3BA333A7-5471-4EF2-ADDC-2FE8B644A3D0}"
EndProject
Project("{2150E333-8FDC-42A3-9474-1A3956D46DE8}") = "console", "console", "{1F43EC6F-B326-4C8D-8C6B-0DFD6018F3FE}"
EndProject
Project("{2150E333-8FDC-42A3-9474-1A3956D46DE8}") = "shared", "shared", "{452DEE13-9461-401F-A180-466B3842EDF5}"
EndProject
Project("{2150E333-8FDC-42A3-9474-1A3956D46DE8}") = "frontend", "frontend", "{6680B95A-5C55-407E-B340-84AEDC61E955}"
EndProject
Project("{9A19103F-16F7-4668-BE54-9A1E7A4F7556}") = "MessageQueueNET.Blazor", "src\frontend\MessageQueueNET.Blazor\MessageQueueNET.Blazor.csproj", "{1BAFF78D-57F1-4807-BBA8-AA6D3C8DF707}"
EndProject
Project("{FAE04EC0-301F-11D3-BF4B-00C04F79EFBC}") = "MessageQueueNET.Razor", "src\frontend\MessageQueueNET.Razor\MessageQueueNET.Razor.csproj", "{48C7191D-063E-457F-B1C1-D0AAA3695DDE}"
EndProject
Global
	GlobalSection(SolutionConfigurationPlatforms) = preSolution
		Debug|Any CPU = Debug|Any CPU
		Release|Any CPU = Release|Any CPU
	EndGlobalSection
	GlobalSection(ProjectConfigurationPlatforms) = postSolution
		{2AB32F35-68B4-4540-A32B-96AB1E7112D3}.Debug|Any CPU.ActiveCfg = Debug|Any CPU
		{2AB32F35-68B4-4540-A32B-96AB1E7112D3}.Debug|Any CPU.Build.0 = Debug|Any CPU
		{2AB32F35-68B4-4540-A32B-96AB1E7112D3}.Release|Any CPU.ActiveCfg = Release|Any CPU
		{2AB32F35-68B4-4540-A32B-96AB1E7112D3}.Release|Any CPU.Build.0 = Release|Any CPU
		{18BEF327-8ACD-475A-BA42-0BD8E06457BB}.Debug|Any CPU.ActiveCfg = Debug|Any CPU
		{18BEF327-8ACD-475A-BA42-0BD8E06457BB}.Debug|Any CPU.Build.0 = Debug|Any CPU
		{18BEF327-8ACD-475A-BA42-0BD8E06457BB}.Release|Any CPU.ActiveCfg = Release|Any CPU
		{18BEF327-8ACD-475A-BA42-0BD8E06457BB}.Release|Any CPU.Build.0 = Release|Any CPU
		{18112CB7-9522-45C4-BCA5-45021C8AABE1}.Debug|Any CPU.ActiveCfg = Debug|Any CPU
		{18112CB7-9522-45C4-BCA5-45021C8AABE1}.Debug|Any CPU.Build.0 = Debug|Any CPU
		{18112CB7-9522-45C4-BCA5-45021C8AABE1}.Release|Any CPU.ActiveCfg = Release|Any CPU
		{18112CB7-9522-45C4-BCA5-45021C8AABE1}.Release|Any CPU.Build.0 = Release|Any CPU
		{0AFB5320-DDBF-459B-94E0-B54039F0F0EA}.Debug|Any CPU.ActiveCfg = Debug|Any CPU
		{0AFB5320-DDBF-459B-94E0-B54039F0F0EA}.Debug|Any CPU.Build.0 = Debug|Any CPU
		{0AFB5320-DDBF-459B-94E0-B54039F0F0EA}.Release|Any CPU.ActiveCfg = Release|Any CPU
		{0AFB5320-DDBF-459B-94E0-B54039F0F0EA}.Release|Any CPU.Build.0 = Release|Any CPU
		{1BAFF78D-57F1-4807-BBA8-AA6D3C8DF707}.Debug|Any CPU.ActiveCfg = Debug|Any CPU
		{1BAFF78D-57F1-4807-BBA8-AA6D3C8DF707}.Debug|Any CPU.Build.0 = Debug|Any CPU
		{1BAFF78D-57F1-4807-BBA8-AA6D3C8DF707}.Release|Any CPU.ActiveCfg = Release|Any CPU
		{1BAFF78D-57F1-4807-BBA8-AA6D3C8DF707}.Release|Any CPU.Build.0 = Release|Any CPU
		{48C7191D-063E-457F-B1C1-D0AAA3695DDE}.Debug|Any CPU.ActiveCfg = Debug|Any CPU
		{48C7191D-063E-457F-B1C1-D0AAA3695DDE}.Debug|Any CPU.Build.0 = Debug|Any CPU
		{48C7191D-063E-457F-B1C1-D0AAA3695DDE}.Release|Any CPU.ActiveCfg = Release|Any CPU
		{48C7191D-063E-457F-B1C1-D0AAA3695DDE}.Release|Any CPU.Build.0 = Release|Any CPU
	EndGlobalSection
	GlobalSection(SolutionProperties) = preSolution
		HideSolutionNode = FALSE
	EndGlobalSection
	GlobalSection(NestedProjects) = preSolution
		{2AB32F35-68B4-4540-A32B-96AB1E7112D3} = {3BA333A7-5471-4EF2-ADDC-2FE8B644A3D0}
		{18BEF327-8ACD-475A-BA42-0BD8E06457BB} = {452DEE13-9461-401F-A180-466B3842EDF5}
		{18112CB7-9522-45C4-BCA5-45021C8AABE1} = {1F43EC6F-B326-4C8D-8C6B-0DFD6018F3FE}
		{0AFB5320-DDBF-459B-94E0-B54039F0F0EA} = {1F43EC6F-B326-4C8D-8C6B-0DFD6018F3FE}
		{3BA333A7-5471-4EF2-ADDC-2FE8B644A3D0} = {90400040-C2F7-4714-BAD0-B6A384777990}
		{1F43EC6F-B326-4C8D-8C6B-0DFD6018F3FE} = {90400040-C2F7-4714-BAD0-B6A384777990}
		{452DEE13-9461-401F-A180-466B3842EDF5} = {90400040-C2F7-4714-BAD0-B6A384777990}
		{6680B95A-5C55-407E-B340-84AEDC61E955} = {90400040-C2F7-4714-BAD0-B6A384777990}
		{1BAFF78D-57F1-4807-BBA8-AA6D3C8DF707} = {6680B95A-5C55-407E-B340-84AEDC61E955}
		{48C7191D-063E-457F-B1C1-D0AAA3695DDE} = {6680B95A-5C55-407E-B340-84AEDC61E955}
	EndGlobalSection
	GlobalSection(ExtensibilityGlobals) = postSolution
		SolutionGuid = {C03DE594-F8A9-4016-9E7E-63E54E9D94BA}
	EndGlobalSection
EndGlobal
